
Microsoft Visual Studio Solution File, Format Version 12.00
# Visual Studio Version 17
VisualStudioVersion = 17.7.34031.279
MinimumVisualStudioVersion = 10.0.40219.1
Project("{9A19103F-16F7-4668-BE54-9A1E7A4F7556}") = "DbModels", "ConsoleApp\DbModels.csproj", "{EC6E2844-5572-4970-8821-53001DC26BC0}"
EndProject
Project("{FAE04EC0-301F-11D3-BF4B-00C04F79EFBC}") = "WebApp", "WebApplication\WebApp.csproj", "{281D3613-B761-4A2A-B492-28AC0CCE4EFC}"
EndProject
Global
	GlobalSection(SolutionConfigurationPlatforms) = preSolution
		Debug|Any CPU = Debug|Any CPU
		Release|Any CPU = Release|Any CPU
	EndGlobalSection
	GlobalSection(ProjectConfigurationPlatforms) = postSolution
		{EC6E2844-5572-4970-8821-53001DC26BC0}.Debug|Any CPU.ActiveCfg = Debug|Any CPU
		{EC6E2844-5572-4970-8821-53001DC26BC0}.Debug|Any CPU.Build.0 = Debug|Any CPU
		{EC6E2844-5572-4970-8821-53001DC26BC0}.Release|Any CPU.ActiveCfg = Release|Any CPU
		{EC6E2844-5572-4970-8821-53001DC26BC0}.Release|Any CPU.Build.0 = Release|Any CPU
		{281D3613-B761-4A2A-B492-28AC0CCE4EFC}.Debug|Any CPU.ActiveCfg = Debug|Any CPU
		{281D3613-B761-4A2A-B492-28AC0CCE4EFC}.Debug|Any CPU.Build.0 = Debug|Any CPU
		{281D3613-B761-4A2A-B492-28AC0CCE4EFC}.Release|Any CPU.ActiveCfg = Release|Any CPU
		{281D3613-B761-4A2A-B492-28AC0CCE4EFC}.Release|Any CPU.Build.0 = Release|Any CPU
	EndGlobalSection
	GlobalSection(SolutionProperties) = preSolution
		HideSolutionNode = FALSE
	EndGlobalSection
	GlobalSection(ExtensibilityGlobals) = postSolution
		SolutionGuid = {5FA977D1-8493-4D89-BCED-EBFD8F99E9E8}
	EndGlobalSection
EndGlobal
